Microsoft Visual Studio Solution File, Format Version 12.00
# Visual Studio Version 17
VisualStudioVersion = 17.5.2.0
MinimumVisualStudioVersion = 10.0.40219.1
Project("{FAE04EC0-301F-11D3-BF4B-00C04F79EFBC}") = "LeagifyFantasyAuction.Api", "Api\LeagifyFantasyAuction.Api.csproj", "{1F982A71-4432-9F83-4103-6DE10147EA9C}"
EndProject
Project("{FAE04EC0-301F-11D3-BF4B-00C04F79EFBC}") = "LeagifyFantasyAuction", "LeagifyFantasyAuction\LeagifyFantasyAuction.csproj", "{EB89079A-1A5F-2763-D503-FE9A3821BF17}"
EndProject
Project("{2150E333-8FDC-42A3-9474-1A3956D46DE8}") = "Api", "Api", "{D82C56D6-B2CD-F611-9E31-04638F7EC30E}"
EndProject
Project("{2150E333-8FDC-42A3-9474-1A3956D46DE8}") = "obj", "obj", "{DE7855AF-7336-D889-443A-2C13860797ED}"
EndProject
Project("{2150E333-8FDC-42A3-9474-1A3956D46DE8}") = "Debug", "Debug", "{7C12A11C-F55F-40E4-6B93-C32A2430011A}"
EndProject
Project("{2150E333-8FDC-42A3-9474-1A3956D46DE8}") = "net8.0", "net8.0", "{BBDA566F-7F0C-C21A-ADCC-BDDBE38052DB}"
EndProject
Project("{FAE04EC0-301F-11D3-BF4B-00C04F79EFBC}") = "WorkerExtensions", "Api\obj\Debug\net8.0\WorkerExtensions\WorkerExtensions.csproj", "{17C9519B-5F46-B7A0-B921-0F99AE6838CA}"
EndProject
Global
	GlobalSection(SolutionConfigurationPlatforms) = preSolution
		Debug|Any CPU = Debug|Any CPU
		Release|Any CPU = Release|Any CPU
	EndGlobalSection
	GlobalSection(ProjectConfigurationPlatforms) = postSolution
		{1F982A71-4432-9F83-4103-6DE10147EA9C}.Debug|Any CPU.ActiveCfg = Debug|Any CPU
		{1F982A71-4432-9F83-4103-6DE10147EA9C}.Debug|Any CPU.Build.0 = Debug|Any CPU
		{1F982A71-4432-9F83-4103-6DE10147EA9C}.Release|Any CPU.ActiveCfg = Release|Any CPU
		{1F982A71-4432-9F83-4103-6DE10147EA9C}.Release|Any CPU.Build.0 = Release|Any CPU
		{EB89079A-1A5F-2763-D503-FE9A3821BF17}.Debug|Any CPU.ActiveCfg = Debug|Any CPU
		{EB89079A-1A5F-2763-D503-FE9A3821BF17}.Debug|Any CPU.Build.0 = Debug|Any CPU
		{EB89079A-1A5F-2763-D503-FE9A3821BF17}.Release|Any CPU.ActiveCfg = Release|Any CPU
		{EB89079A-1A5F-2763-D503-FE9A3821BF17}.Release|Any CPU.Build.0 = Release|Any CPU
		{17C9519B-5F46-B7A0-B921-0F99AE6838CA}.Debug|Any CPU.ActiveCfg = Debug|Any CPU
		{17C9519B-5F46-B7A0-B921-0F99AE6838CA}.Debug|Any CPU.Build.0 = Debug|Any CPU
		{17C9519B-5F46-B7A0-B921-0F99AE6838CA}.Release|Any CPU.ActiveCfg = Release|Any CPU
		{17C9519B-5F46-B7A0-B921-0F99AE6838CA}.Release|Any CPU.Build.0 = Release|Any CPU
	EndGlobalSection
	GlobalSection(SolutionProperties) = preSolution
		HideSolutionNode = FALSE
	EndGlobalSection
	GlobalSection(NestedProjects) = preSolution
		{DE7855AF-7336-D889-443A-2C13860797ED} = {D82C56D6-B2CD-F611-9E31-04638F7EC30E}
		{7C12A11C-F55F-40E4-6B93-C32A2430011A} = {DE7855AF-7336-D889-443A-2C13860797ED}
		{BBDA566F-7F0C-C21A-ADCC-BDDBE38052DB} = {7C12A11C-F55F-40E4-6B93-C32A2430011A}
		{17C9519B-5F46-B7A0-B921-0F99AE6838CA} = {BBDA566F-7F0C-C21A-ADCC-BDDBE38052DB}
	EndGlobalSection
	GlobalSection(ExtensibilityGlobals) = postSolution
		SolutionGuid = {4014B365-10CB-4A29-AC25-F7F79824C437}
	EndGlobalSection
EndGlobal
